
Microsoft Visual Studio Solution File, Format Version 12.00
# Visual Studio Version 16
VisualStudioVersion = 16.0.31112.23
MinimumVisualStudioVersion = 10.0.40219.1
Project("{9A19103F-16F7-4668-BE54-9A1E7A4F7556}") = "Nice.Core", "Nice.Core\Nice.Core.csproj", "{79F68B7F-8971-44C4-A100-B99F0D79A62C}"
EndProject
Project("{2150E333-8FDC-42A3-9474-1A3956D46DE8}") = "Test", "Test", "{EAC90A22-726B-45E4-A08D-E962C0515DB5}"
EndProject
Project("{9A19103F-16F7-4668-BE54-9A1E7A4F7556}") = "Test.Database", "Test\Test.Database\Test.Database.csproj", "{CDF221D7-09E5-499F-9CBD-3A0718CD6850}"
EndProject
Project("{9A19103F-16F7-4668-BE54-9A1E7A4F7556}") = "Nice.Api", "Nice.Implementation\Nice.Api.csproj", "{D5F8E36F-A1D0-4E3B-839E-741C5865BF6F}"
EndProject
Project("{FAE04EC0-301F-11D3-BF4B-00C04F79EFBC}") = "Test.Web", "Test.Web\Test.Web.csproj", "{B72D6ED9-FBC9-401D-B2F7-ECDB4204F219}"
EndProject
Project("{2150E333-8FDC-42A3-9474-1A3956D46DE8}") = "UnitTests", "UnitTests", "{94C54068-4A44-4653-A998-0DC4D4B17CA4}"
EndProject
Project("{9A19103F-16F7-4668-BE54-9A1E7A4F7556}") = "Nice.MicroService", "Nice.MicroService\Nice.MicroService.csproj", "{F098D838-AED2-495E-B5A8-5B5EC1CFF63F}"
EndProject
Project("{9A19103F-16F7-4668-BE54-9A1E7A4F7556}") = "Nice.Staticize", "Compents\Nice.Staticize\Nice.Staticize.csproj", "{5650BA2A-A430-4644-95FE-44F97CAB1683}"
EndProject
Project("{2150E333-8FDC-42A3-9474-1A3956D46DE8}") = "Components", "Components", "{D9945406-16C9-438C-A089-034969C87966}"
EndProject
Project("{9A19103F-16F7-4668-BE54-9A1E7A4F7556}") = "Nice.ReadWriteSeparation", "Compents\Nice.ReadWriteSeparation\Nice.ReadWriteSeparation.csproj", "{EFD4931C-EE5A-48C0-BB23-8232E49F0DB2}"
EndProject
Project("{9A19103F-16F7-4668-BE54-9A1E7A4F7556}") = "ORMTest", "UnitTests\ORMTest\ORMTest.csproj", "{B4457561-EECF-4ED6-A34A-A55647C7FDEF}"
EndProject
Project("{2150E333-8FDC-42A3-9474-1A3956D46DE8}") = "Servers", "Servers", "{E7D1B2A8-6334-4766-AEB1-B953D9D99834}"
EndProject
Project("{9A19103F-16F7-4668-BE54-9A1E7A4F7556}") = "Nice.Servers.Staticize", "Servers\Nice.Servers.Staticize\Nice.Servers.Staticize.csproj", "{CC30560D-9E0A-4B32-9C0C-49563D05C3C1}"
EndProject
Project("{FAE04EC0-301F-11D3-BF4B-00C04F79EFBC}") = "GrpcService", "Test\GrpcService\GrpcService.csproj", "{2D82F5BE-54C5-4BE6-94CE-16CB11F52F5F}"
EndProject
Project("{9A19103F-16F7-4668-BE54-9A1E7A4F7556}") = "RPCTest", "UnitTests\RPCTest\RPCTest.csproj", "{EC5CDFDF-1891-4F0D-86DA-8E943120A907}"
EndProject
Project("{9A19103F-16F7-4668-BE54-9A1E7A4F7556}") = "Nice.UnitTest", "Compents\Nice.UnitTest\Nice.UnitTest.csproj", "{F0C6A31C-6487-43D3-8D91-5AA8A3B474BC}"
EndProject
Project("{2150E333-8FDC-42A3-9474-1A3956D46DE8}") = "Utils", "Utils", "{31E19934-9DAE-41F5-A16D-295BF90C0635}"
EndProject
Project("{9A19103F-16F7-4668-BE54-9A1E7A4F7556}") = "Nice.EmitHelper", "Utils\Nice.EmitHelper\Nice.EmitHelper.csproj", "{2E335FDF-3DBF-4492-9BE1-8ECD51E4D2CE}"
EndProject
Project("{FAE04EC0-301F-11D3-BF4B-00C04F79EFBC}") = "Test.Contracts", "Test\Test.Contracts\Test.Contracts.csproj", "{F39127A5-3B6F-44F0-81B4-D0F5AFC7F8B1}"
EndProject
Project("{FAE04EC0-301F-11D3-BF4B-00C04F79EFBC}") = "Test.EmitCodeViewer", "Test\Test.EmitCodeViewer\Test.EmitCodeViewer.csproj", "{6357313E-64E9-4C47-A24C-0C26D97E23EB}"
EndProject
Project("{9A19103F-16F7-4668-BE54-9A1E7A4F7556}") = "Acb.MicroService.Client", "..\..\Users\admin\Documents\WeChat Files\wxid_nngtjanajchf52\FileStorage\File\2021-04\Acb.Framework\Acb.Framework\src\Acb.MicroService.Client\Acb.MicroService.Client.csproj", "{72E59026-C6AF-4DE6-ADF9-CA7A35D40BBC}"
EndProject
Global
	GlobalSection(SolutionConfigurationPlatforms) = preSolution
		Debug|Any CPU = Debug|Any CPU
		Release|Any CPU = Release|Any CPU
	EndGlobalSection
	GlobalSection(ProjectConfigurationPlatforms) = postSolution
		{79F68B7F-8971-44C4-A100-B99F0D79A62C}.Debug|Any CPU.ActiveCfg = Debug|Any CPU
		{79F68B7F-8971-44C4-A100-B99F0D79A62C}.Debug|Any CPU.Build.0 = Debug|Any CPU
		{79F68B7F-8971-44C4-A100-B99F0D79A62C}.Release|Any CPU.ActiveCfg = Release|Any CPU
		{79F68B7F-8971-44C4-A100-B99F0D79A62C}.Release|Any CPU.Build.0 = Release|Any CPU
		{CDF221D7-09E5-499F-9CBD-3A0718CD6850}.Debug|Any CPU.ActiveCfg = Debug|Any CPU
		{CDF221D7-09E5-499F-9CBD-3A0718CD6850}.Debug|Any CPU.Build.0 = Debug|Any CPU
		{CDF221D7-09E5-499F-9CBD-3A0718CD6850}.Release|Any CPU.ActiveCfg = Release|Any CPU
		{CDF221D7-09E5-499F-9CBD-3A0718CD6850}.Release|Any CPU.Build.0 = Release|Any CPU
		{D5F8E36F-A1D0-4E3B-839E-741C5865BF6F}.Debug|Any CPU.ActiveCfg = Debug|Any CPU
		{D5F8E36F-A1D0-4E3B-839E-741C5865BF6F}.Debug|Any CPU.Build.0 = Debug|Any CPU
		{D5F8E36F-A1D0-4E3B-839E-741C5865BF6F}.Release|Any CPU.ActiveCfg = Release|Any CPU
		{D5F8E36F-A1D0-4E3B-839E-741C5865BF6F}.Release|Any CPU.Build.0 = Release|Any CPU
		{B72D6ED9-FBC9-401D-B2F7-ECDB4204F219}.Debug|Any CPU.ActiveCfg = Debug|Any CPU
		{B72D6ED9-FBC9-401D-B2F7-ECDB4204F219}.Debug|Any CPU.Build.0 = Debug|Any CPU
		{B72D6ED9-FBC9-401D-B2F7-ECDB4204F219}.Release|Any CPU.ActiveCfg = Release|Any CPU
		{B72D6ED9-FBC9-401D-B2F7-ECDB4204F219}.Release|Any CPU.Build.0 = Release|Any CPU
		{F098D838-AED2-495E-B5A8-5B5EC1CFF63F}.Debug|Any CPU.ActiveCfg = Debug|Any CPU
		{F098D838-AED2-495E-B5A8-5B5EC1CFF63F}.Debug|Any CPU.Build.0 = Debug|Any CPU
		{F098D838-AED2-495E-B5A8-5B5EC1CFF63F}.Release|Any CPU.ActiveCfg = Release|Any CPU
		{F098D838-AED2-495E-B5A8-5B5EC1CFF63F}.Release|Any CPU.Build.0 = Release|Any CPU
		{5650BA2A-A430-4644-95FE-44F97CAB1683}.Debug|Any CPU.ActiveCfg = Debug|Any CPU
		{5650BA2A-A430-4644-95FE-44F97CAB1683}.Debug|Any CPU.Build.0 = Debug|Any CPU
		{5650BA2A-A430-4644-95FE-44F97CAB1683}.Release|Any CPU.ActiveCfg = Release|Any CPU
		{5650BA2A-A430-4644-95FE-44F97CAB1683}.Release|Any CPU.Build.0 = Release|Any CPU
		{EFD4931C-EE5A-48C0-BB23-8232E49F0DB2}.Debug|Any CPU.ActiveCfg = Debug|Any CPU
		{EFD4931C-EE5A-48C0-BB23-8232E49F0DB2}.Debug|Any CPU.Build.0 = Debug|Any CPU
		{EFD4931C-EE5A-48C0-BB23-8232E49F0DB2}.Release|Any CPU.ActiveCfg = Release|Any CPU
		{EFD4931C-EE5A-48C0-BB23-8232E49F0DB2}.Release|Any CPU.Build.0 = Release|Any CPU
		{B4457561-EECF-4ED6-A34A-A55647C7FDEF}.Debug|Any CPU.ActiveCfg = Debug|Any CPU
		{B4457561-EECF-4ED6-A34A-A55647C7FDEF}.Debug|Any CPU.Build.0 = Debug|Any CPU
		{B4457561-EECF-4ED6-A34A-A55647C7FDEF}.Release|Any CPU.ActiveCfg = Release|Any CPU
		{B4457561-EECF-4ED6-A34A-A55647C7FDEF}.Release|Any CPU.Build.0 = Release|Any CPU
		{CC30560D-9E0A-4B32-9C0C-49563D05C3C1}.Debug|Any CPU.ActiveCfg = Debug|Any CPU
		{CC30560D-9E0A-4B32-9C0C-49563D05C3C1}.Debug|Any CPU.Build.0 = Debug|Any CPU
		{CC30560D-9E0A-4B32-9C0C-49563D05C3C1}.Release|Any CPU.ActiveCfg = Release|Any CPU
		{CC30560D-9E0A-4B32-9C0C-49563D05C3C1}.Release|Any CPU.Build.0 = Release|Any CPU
		{2D82F5BE-54C5-4BE6-94CE-16CB11F52F5F}.Debug|Any CPU.ActiveCfg = Debug|Any CPU
		{2D82F5BE-54C5-4BE6-94CE-16CB11F52F5F}.Debug|Any CPU.Build.0 = Debug|Any CPU
		{2D82F5BE-54C5-4BE6-94CE-16CB11F52F5F}.Release|Any CPU.ActiveCfg = Release|Any CPU
		{2D82F5BE-54C5-4BE6-94CE-16CB11F52F5F}.Release|Any CPU.Build.0 = Release|Any CPU
		{EC5CDFDF-1891-4F0D-86DA-8E943120A907}.Debug|Any CPU.ActiveCfg = Debug|Any CPU
		{EC5CDFDF-1891-4F0D-86DA-8E943120A907}.Debug|Any CPU.Build.0 = Debug|Any CPU
		{EC5CDFDF-1891-4F0D-86DA-8E943120A907}.Release|Any CPU.ActiveCfg = Release|Any CPU
		{EC5CDFDF-1891-4F0D-86DA-8E943120A907}.Release|Any CPU.Build.0 = Release|Any CPU
		{F0C6A31C-6487-43D3-8D91-5AA8A3B474BC}.Debug|Any CPU.ActiveCfg = Debug|Any CPU
		{F0C6A31C-6487-43D3-8D91-5AA8A3B474BC}.Debug|Any CPU.Build.0 = Debug|Any CPU
		{F0C6A31C-6487-43D3-8D91-5AA8A3B474BC}.Release|Any CPU.ActiveCfg = Release|Any CPU
		{F0C6A31C-6487-43D3-8D91-5AA8A3B474BC}.Release|Any CPU.Build.0 = Release|Any CPU
		{2E335FDF-3DBF-4492-9BE1-8ECD51E4D2CE}.Debug|Any CPU.ActiveCfg = Debug|Any CPU
		{2E335FDF-3DBF-4492-9BE1-8ECD51E4D2CE}.Debug|Any CPU.Build.0 = Debug|Any CPU
		{2E335FDF-3DBF-4492-9BE1-8ECD51E4D2CE}.Release|Any CPU.ActiveCfg = Release|Any CPU
		{2E335FDF-3DBF-4492-9BE1-8ECD51E4D2CE}.Release|Any CPU.Build.0 = Release|Any CPU
		{F39127A5-3B6F-44F0-81B4-D0F5AFC7F8B1}.Debug|Any CPU.ActiveCfg = Debug|Any CPU
		{F39127A5-3B6F-44F0-81B4-D0F5AFC7F8B1}.Debug|Any CPU.Build.0 = Debug|Any CPU
		{F39127A5-3B6F-44F0-81B4-D0F5AFC7F8B1}.Release|Any CPU.ActiveCfg = Release|Any CPU
		{F39127A5-3B6F-44F0-81B4-D0F5AFC7F8B1}.Release|Any CPU.Build.0 = Release|Any CPU
		{6357313E-64E9-4C47-A24C-0C26D97E23EB}.Debug|Any CPU.ActiveCfg = Debug|Any CPU
		{6357313E-64E9-4C47-A24C-0C26D97E23EB}.Debug|Any CPU.Build.0 = Debug|Any CPU
		{6357313E-64E9-4C47-A24C-0C26D97E23EB}.Release|Any CPU.ActiveCfg = Release|Any CPU
		{6357313E-64E9-4C47-A24C-0C26D97E23EB}.Release|Any CPU.Build.0 = Release|Any CPU
		{72E59026-C6AF-4DE6-ADF9-CA7A35D40BBC}.Debug|Any CPU.ActiveCfg = Debug|Any CPU
		{72E59026-C6AF-4DE6-ADF9-CA7A35D40BBC}.Debug|Any CPU.Build.0 = Debug|Any CPU
		{72E59026-C6AF-4DE6-ADF9-CA7A35D40BBC}.Release|Any CPU.ActiveCfg = Release|Any CPU
		{72E59026-C6AF-4DE6-ADF9-CA7A35D40BBC}.Release|Any CPU.Build.0 = Release|Any CPU
	EndGlobalSection
	GlobalSection(SolutionProperties) = preSolution
		HideSolutionNode = FALSE
	EndGlobalSection
	GlobalSection(NestedProjects) = preSolution
		{CDF221D7-09E5-499F-9CBD-3A0718CD6850} = {EAC90A22-726B-45E4-A08D-E962C0515DB5}
		{B72D6ED9-FBC9-401D-B2F7-ECDB4204F219} = {EAC90A22-726B-45E4-A08D-E962C0515DB5}
		{5650BA2A-A430-4644-95FE-44F97CAB1683} = {D9945406-16C9-438C-A089-034969C87966}
		{EFD4931C-EE5A-48C0-BB23-8232E49F0DB2} = {D9945406-16C9-438C-A089-034969C87966}
		{B4457561-EECF-4ED6-A34A-A55647C7FDEF} = {94C54068-4A44-4653-A998-0DC4D4B17CA4}
		{CC30560D-9E0A-4B32-9C0C-49563D05C3C1} = {E7D1B2A8-6334-4766-AEB1-B953D9D99834}
		{2D82F5BE-54C5-4BE6-94CE-16CB11F52F5F} = {EAC90A22-726B-45E4-A08D-E962C0515DB5}
		{EC5CDFDF-1891-4F0D-86DA-8E943120A907} = {94C54068-4A44-4653-A998-0DC4D4B17CA4}
		{F0C6A31C-6487-43D3-8D91-5AA8A3B474BC} = {D9945406-16C9-438C-A089-034969C87966}
		{2E335FDF-3DBF-4492-9BE1-8ECD51E4D2CE} = {31E19934-9DAE-41F5-A16D-295BF90C0635}
		{F39127A5-3B6F-44F0-81B4-D0F5AFC7F8B1} = {EAC90A22-726B-45E4-A08D-E962C0515DB5}
		{6357313E-64E9-4C47-A24C-0C26D97E23EB} = {EAC90A22-726B-45E4-A08D-E962C0515DB5}
	EndGlobalSection
	GlobalSection(ExtensibilityGlobals) = postSolution
		SolutionGuid = {5905FC78-8072-4EEC-8B75-712D4B2271AF}
	EndGlobalSection
EndGlobal
