
Microsoft Visual Studio Solution File, Format Version 12.00
# Visual Studio Version 17
VisualStudioVersion = 17.3.32825.248
MinimumVisualStudioVersion = 10.0.40219.1
Project("{2150E333-8FDC-42A3-9474-1A3956D46DE8}") = "5.Utils", "5.Utils", "{63FD950F-2869-4976-AEB8-F3F653B12F60}"
EndProject
Project("{9A19103F-16F7-4668-BE54-9A1E7A4F7556}") = "Nice.Emit", "Utils\Nice.Emit\Nice.Emit.csproj", "{E15781EE-AB92-4A3C-A505-2A7B2021E06C}"
EndProject
Project("{2150E333-8FDC-42A3-9474-1A3956D46DE8}") = "1.Contracts", "1.Contracts", "{E4E66508-0EAD-461D-8230-94171C43BFB9}"
EndProject
Project("{2150E333-8FDC-42A3-9474-1A3956D46DE8}") = "2.Database", "2.Database", "{BA8AB0A7-1CD4-45FF-9FA2-25B6C8D38202}"
EndProject
Project("{2150E333-8FDC-42A3-9474-1A3956D46DE8}") = "3.Services", "3.Services", "{52FEC264-483D-4BED-B09F-C0703F7F45B9}"
EndProject
Project("{2150E333-8FDC-42A3-9474-1A3956D46DE8}") = "4.Framework", "4.Framework", "{02A84121-748A-4B43-8617-98F54D74E175}"
EndProject
Project("{2150E333-8FDC-42A3-9474-1A3956D46DE8}") = "6.Simples", "6.Simples", "{53E51462-140A-47BB-A2BA-70E31B5847DC}"
EndProject
Project("{9A19103F-16F7-4668-BE54-9A1E7A4F7556}") = "Nice.Caching", "Framework\Nice.Caching\Nice.Caching.csproj", "{934CD528-95C3-41C8-BA89-58BFAB874F97}"
EndProject
Project("{9A19103F-16F7-4668-BE54-9A1E7A4F7556}") = "Nice.Caching.Database", "Framework\Nice.Caching.Database\Nice.Caching.Database.csproj", "{39714DB4-21A5-4BAD-8BF4-3BF1B9183C01}"
EndProject
Project("{9A19103F-16F7-4668-BE54-9A1E7A4F7556}") = "Nice.Database", "Database\Nice.Database\Nice.Database.csproj", "{94BF105B-A0A8-4C99-A5D2-EB47FA4C60B2}"
EndProject
Project("{9A19103F-16F7-4668-BE54-9A1E7A4F7556}") = "Nice.Services", "Services\Nice.Services\Nice.Services.csproj", "{17CE5C65-FA21-4050-A374-03B71CC9BD3D}"
EndProject
Project("{9A19103F-16F7-4668-BE54-9A1E7A4F7556}") = "Nice.Framework", "Framework\Nice.Framework\Nice.Framework.csproj", "{7A9B4DBD-C415-48C7-88B4-2641A2E0C9CA}"
EndProject
Project("{9A19103F-16F7-4668-BE54-9A1E7A4F7556}") = "Nice.WebAPI", "Framework\Nice.WebAPI\Nice.WebAPI.csproj", "{7FDD3866-B25D-4633-BB90-07C7AA005914}"
EndProject
Project("{2150E333-8FDC-42A3-9474-1A3956D46DE8}") = "1.UnitTests", "1.UnitTests", "{28633B7D-D257-42F5-A340-FC06ECCE095C}"
EndProject
Project("{2150E333-8FDC-42A3-9474-1A3956D46DE8}") = "6.1FullSimple", "6.1FullSimple", "{CE5D10CB-C3BA-45E7-82E6-55936E222DE7}"
EndProject
Project("{2150E333-8FDC-42A3-9474-1A3956D46DE8}") = "2.Tests", "2.Tests", "{DBB9EB6C-06B9-4015-BBF2-3C2BCD9A3791}"
EndProject
Project("{9A19103F-16F7-4668-BE54-9A1E7A4F7556}") = "CachingTest", "Framework\Tests\CachingTest\CachingTest.csproj", "{599EDB3B-433E-46D3-A8BF-1B53B9261A97}"
EndProject
Project("{9A19103F-16F7-4668-BE54-9A1E7A4F7556}") = "Nice.DataProvider", "Utils\Nice.DataProvider\Nice.DataProvider.csproj", "{F1049CBA-06FE-46E0-B886-6A8094F101A3}"
EndProject
Project("{9A19103F-16F7-4668-BE54-9A1E7A4F7556}") = "Nice.Simple.Contracts", "Simples\6.1FullSimple\Nice.Simple.Contracts\Nice.Simple.Contracts.csproj", "{6C7FAE93-3285-43EF-8438-528081F3A236}"
EndProject
Project("{9A19103F-16F7-4668-BE54-9A1E7A4F7556}") = "Nice.Simple.StudentService", "Simples\6.1FullSimple\Nice.Simple.StudentService\Nice.Simple.StudentService.csproj", "{D81510E8-E954-4907-BB9E-7489B68E79E0}"
EndProject
Project("{9A19103F-16F7-4668-BE54-9A1E7A4F7556}") = "Nice.Simple.StudentService.IntegrationTests", "Simples\6.1FullSimple\Nice.Simple.StudentService.IntegrationTests\Nice.Simple.StudentService.IntegrationTests.csproj", "{7C8C4AD7-0888-4FBF-9400-5820FA6E630F}"
EndProject
Project("{9A19103F-16F7-4668-BE54-9A1E7A4F7556}") = "Nice.Simple.DataModel", "Simples\6.1FullSimple\Nice.Simple.Database\Nice.Simple.DataModel.csproj", "{0EDB0903-497F-4664-A0B8-866AA40C5A30}"
EndProject
Project("{9A19103F-16F7-4668-BE54-9A1E7A4F7556}") = "Nice.Tests", "Utils\Nice.Tests\Nice.Tests.csproj", "{59D198AF-0C0A-4CC6-9268-3604712CBF02}"
EndProject
Project("{2150E333-8FDC-42A3-9474-1A3956D46DE8}") = "Solution Items", "Solution Items", "{8111C0A1-E1D9-401F-AAE8-7BB4E1A25DD3}"
	ProjectSection(SolutionItems) = preProject
		.editorconfig = .editorconfig
	EndProjectSection
EndProject
Project("{9A19103F-16F7-4668-BE54-9A1E7A4F7556}") = "Nice.Simple.WebAPI", "Simples\6.1FullSimple\Nice.Simple.WebAPI\Nice.Simple.WebAPI.csproj", "{F56E534C-10FF-4AC1-8817-831F270A46B8}"
EndProject
Project("{9A19103F-16F7-4668-BE54-9A1E7A4F7556}") = "Nice.Simple.TeacherService", "Simples\6.1FullSimple\Nice.Simple.TeacherService\Nice.Simple.TeacherService.csproj", "{C7133190-9097-4A8A-810E-CB1DA6772942}"
EndProject
Project("{9A19103F-16F7-4668-BE54-9A1E7A4F7556}") = "Nice.EFCore", "Database\Nice.EFCore\Nice.EFCore.csproj", "{86E48A63-1BC7-42D7-8A1F-E4D80D5006DD}"
EndProject
Project("{9A19103F-16F7-4668-BE54-9A1E7A4F7556}") = "Tests", "Tests\Tests.csproj", "{94DB24F5-FCEF-4D4D-907E-20503EB1AE1D}"
EndProject
Project("{FAE04EC0-301F-11D3-BF4B-00C04F79EFBC}") = "Nice.NugetServer", "Utils\Nice.NugetServer\Nice.NugetServer.csproj", "{E0C7D79F-20CD-4252-8336-167F4CE91BDF}"
EndProject
Project("{9A19103F-16F7-4668-BE54-9A1E7A4F7556}") = "Nice.Contracts", "Contracts\Nice.Contracts\Nice.Contracts.csproj", "{6D5F2879-5902-4B4C-AD73-1FF5B532B4AD}"
EndProject
Project("{FAE04EC0-301F-11D3-BF4B-00C04F79EFBC}") = "Nice.EFCore.Tests", "Database\Nice.EFCore.Tests\Nice.EFCore.Tests.csproj", "{B3E62D1E-8520-4ABA-86C4-F597AAF7240D}"
EndProject
Global
	GlobalSection(SolutionConfigurationPlatforms) = preSolution
		Debug|Any CPU = Debug|Any CPU
		Release|Any CPU = Release|Any CPU
	EndGlobalSection
	GlobalSection(ProjectConfigurationPlatforms) = postSolution
		{E15781EE-AB92-4A3C-A505-2A7B2021E06C}.Debug|Any CPU.ActiveCfg = Debug|Any CPU
		{E15781EE-AB92-4A3C-A505-2A7B2021E06C}.Debug|Any CPU.Build.0 = Debug|Any CPU
		{E15781EE-AB92-4A3C-A505-2A7B2021E06C}.Release|Any CPU.ActiveCfg = Release|Any CPU
		{E15781EE-AB92-4A3C-A505-2A7B2021E06C}.Release|Any CPU.Build.0 = Release|Any CPU
		{934CD528-95C3-41C8-BA89-58BFAB874F97}.Debug|Any CPU.ActiveCfg = Debug|Any CPU
		{934CD528-95C3-41C8-BA89-58BFAB874F97}.Debug|Any CPU.Build.0 = Debug|Any CPU
		{934CD528-95C3-41C8-BA89-58BFAB874F97}.Release|Any CPU.ActiveCfg = Release|Any CPU
		{934CD528-95C3-41C8-BA89-58BFAB874F97}.Release|Any CPU.Build.0 = Release|Any CPU
		{39714DB4-21A5-4BAD-8BF4-3BF1B9183C01}.Debug|Any CPU.ActiveCfg = Debug|Any CPU
		{39714DB4-21A5-4BAD-8BF4-3BF1B9183C01}.Debug|Any CPU.Build.0 = Debug|Any CPU
		{39714DB4-21A5-4BAD-8BF4-3BF1B9183C01}.Release|Any CPU.ActiveCfg = Release|Any CPU
		{39714DB4-21A5-4BAD-8BF4-3BF1B9183C01}.Release|Any CPU.Build.0 = Release|Any CPU
		{94BF105B-A0A8-4C99-A5D2-EB47FA4C60B2}.Debug|Any CPU.ActiveCfg = Debug|Any CPU
		{94BF105B-A0A8-4C99-A5D2-EB47FA4C60B2}.Debug|Any CPU.Build.0 = Debug|Any CPU
		{94BF105B-A0A8-4C99-A5D2-EB47FA4C60B2}.Release|Any CPU.ActiveCfg = Release|Any CPU
		{94BF105B-A0A8-4C99-A5D2-EB47FA4C60B2}.Release|Any CPU.Build.0 = Release|Any CPU
		{17CE5C65-FA21-4050-A374-03B71CC9BD3D}.Debug|Any CPU.ActiveCfg = Debug|Any CPU
		{17CE5C65-FA21-4050-A374-03B71CC9BD3D}.Debug|Any CPU.Build.0 = Debug|Any CPU
		{17CE5C65-FA21-4050-A374-03B71CC9BD3D}.Release|Any CPU.ActiveCfg = Release|Any CPU
		{17CE5C65-FA21-4050-A374-03B71CC9BD3D}.Release|Any CPU.Build.0 = Release|Any CPU
		{7A9B4DBD-C415-48C7-88B4-2641A2E0C9CA}.Debug|Any CPU.ActiveCfg = Debug|Any CPU
		{7A9B4DBD-C415-48C7-88B4-2641A2E0C9CA}.Debug|Any CPU.Build.0 = Debug|Any CPU
		{7A9B4DBD-C415-48C7-88B4-2641A2E0C9CA}.Release|Any CPU.ActiveCfg = Release|Any CPU
		{7A9B4DBD-C415-48C7-88B4-2641A2E0C9CA}.Release|Any CPU.Build.0 = Release|Any CPU
		{7FDD3866-B25D-4633-BB90-07C7AA005914}.Debug|Any CPU.ActiveCfg = Debug|Any CPU
		{7FDD3866-B25D-4633-BB90-07C7AA005914}.Debug|Any CPU.Build.0 = Debug|Any CPU
		{7FDD3866-B25D-4633-BB90-07C7AA005914}.Release|Any CPU.ActiveCfg = Release|Any CPU
		{7FDD3866-B25D-4633-BB90-07C7AA005914}.Release|Any CPU.Build.0 = Release|Any CPU
		{599EDB3B-433E-46D3-A8BF-1B53B9261A97}.Debug|Any CPU.ActiveCfg = Debug|Any CPU
		{599EDB3B-433E-46D3-A8BF-1B53B9261A97}.Debug|Any CPU.Build.0 = Debug|Any CPU
		{599EDB3B-433E-46D3-A8BF-1B53B9261A97}.Release|Any CPU.ActiveCfg = Release|Any CPU
		{599EDB3B-433E-46D3-A8BF-1B53B9261A97}.Release|Any CPU.Build.0 = Release|Any CPU
		{F1049CBA-06FE-46E0-B886-6A8094F101A3}.Debug|Any CPU.ActiveCfg = Debug|Any CPU
		{F1049CBA-06FE-46E0-B886-6A8094F101A3}.Debug|Any CPU.Build.0 = Debug|Any CPU
		{F1049CBA-06FE-46E0-B886-6A8094F101A3}.Release|Any CPU.ActiveCfg = Release|Any CPU
		{F1049CBA-06FE-46E0-B886-6A8094F101A3}.Release|Any CPU.Build.0 = Release|Any CPU
		{6C7FAE93-3285-43EF-8438-528081F3A236}.Debug|Any CPU.ActiveCfg = Debug|Any CPU
		{6C7FAE93-3285-43EF-8438-528081F3A236}.Debug|Any CPU.Build.0 = Debug|Any CPU
		{6C7FAE93-3285-43EF-8438-528081F3A236}.Release|Any CPU.ActiveCfg = Release|Any CPU
		{6C7FAE93-3285-43EF-8438-528081F3A236}.Release|Any CPU.Build.0 = Release|Any CPU
		{D81510E8-E954-4907-BB9E-7489B68E79E0}.Debug|Any CPU.ActiveCfg = Debug|Any CPU
		{D81510E8-E954-4907-BB9E-7489B68E79E0}.Debug|Any CPU.Build.0 = Debug|Any CPU
		{D81510E8-E954-4907-BB9E-7489B68E79E0}.Release|Any CPU.ActiveCfg = Release|Any CPU
		{D81510E8-E954-4907-BB9E-7489B68E79E0}.Release|Any CPU.Build.0 = Release|Any CPU
		{7C8C4AD7-0888-4FBF-9400-5820FA6E630F}.Debug|Any CPU.ActiveCfg = Debug|Any CPU
		{7C8C4AD7-0888-4FBF-9400-5820FA6E630F}.Debug|Any CPU.Build.0 = Debug|Any CPU
		{7C8C4AD7-0888-4FBF-9400-5820FA6E630F}.Release|Any CPU.ActiveCfg = Release|Any CPU
		{7C8C4AD7-0888-4FBF-9400-5820FA6E630F}.Release|Any CPU.Build.0 = Release|Any CPU
		{0EDB0903-497F-4664-A0B8-866AA40C5A30}.Debug|Any CPU.ActiveCfg = Debug|Any CPU
		{0EDB0903-497F-4664-A0B8-866AA40C5A30}.Debug|Any CPU.Build.0 = Debug|Any CPU
		{0EDB0903-497F-4664-A0B8-866AA40C5A30}.Release|Any CPU.ActiveCfg = Release|Any CPU
		{0EDB0903-497F-4664-A0B8-866AA40C5A30}.Release|Any CPU.Build.0 = Release|Any CPU
		{59D198AF-0C0A-4CC6-9268-3604712CBF02}.Debug|Any CPU.ActiveCfg = Debug|Any CPU
		{59D198AF-0C0A-4CC6-9268-3604712CBF02}.Debug|Any CPU.Build.0 = Debug|Any CPU
		{59D198AF-0C0A-4CC6-9268-3604712CBF02}.Release|Any CPU.ActiveCfg = Release|Any CPU
		{59D198AF-0C0A-4CC6-9268-3604712CBF02}.Release|Any CPU.Build.0 = Release|Any CPU
		{F56E534C-10FF-4AC1-8817-831F270A46B8}.Debug|Any CPU.ActiveCfg = Debug|Any CPU
		{F56E534C-10FF-4AC1-8817-831F270A46B8}.Debug|Any CPU.Build.0 = Debug|Any CPU
		{F56E534C-10FF-4AC1-8817-831F270A46B8}.Release|Any CPU.ActiveCfg = Release|Any CPU
		{F56E534C-10FF-4AC1-8817-831F270A46B8}.Release|Any CPU.Build.0 = Release|Any CPU
		{C7133190-9097-4A8A-810E-CB1DA6772942}.Debug|Any CPU.ActiveCfg = Debug|Any CPU
		{C7133190-9097-4A8A-810E-CB1DA6772942}.Debug|Any CPU.Build.0 = Debug|Any CPU
		{C7133190-9097-4A8A-810E-CB1DA6772942}.Release|Any CPU.ActiveCfg = Release|Any CPU
		{C7133190-9097-4A8A-810E-CB1DA6772942}.Release|Any CPU.Build.0 = Release|Any CPU
		{86E48A63-1BC7-42D7-8A1F-E4D80D5006DD}.Debug|Any CPU.ActiveCfg = Debug|Any CPU
		{86E48A63-1BC7-42D7-8A1F-E4D80D5006DD}.Debug|Any CPU.Build.0 = Debug|Any CPU
		{86E48A63-1BC7-42D7-8A1F-E4D80D5006DD}.Release|Any CPU.ActiveCfg = Release|Any CPU
		{86E48A63-1BC7-42D7-8A1F-E4D80D5006DD}.Release|Any CPU.Build.0 = Release|Any CPU
		{94DB24F5-FCEF-4D4D-907E-20503EB1AE1D}.Debug|Any CPU.ActiveCfg = Debug|Any CPU
		{94DB24F5-FCEF-4D4D-907E-20503EB1AE1D}.Debug|Any CPU.Build.0 = Debug|Any CPU
		{94DB24F5-FCEF-4D4D-907E-20503EB1AE1D}.Release|Any CPU.ActiveCfg = Release|Any CPU
		{94DB24F5-FCEF-4D4D-907E-20503EB1AE1D}.Release|Any CPU.Build.0 = Release|Any CPU
		{E0C7D79F-20CD-4252-8336-167F4CE91BDF}.Debug|Any CPU.ActiveCfg = Debug|Any CPU
		{E0C7D79F-20CD-4252-8336-167F4CE91BDF}.Debug|Any CPU.Build.0 = Debug|Any CPU
		{E0C7D79F-20CD-4252-8336-167F4CE91BDF}.Release|Any CPU.ActiveCfg = Release|Any CPU
		{E0C7D79F-20CD-4252-8336-167F4CE91BDF}.Release|Any CPU.Build.0 = Release|Any CPU
		{6D5F2879-5902-4B4C-AD73-1FF5B532B4AD}.Debug|Any CPU.ActiveCfg = Debug|Any CPU
		{6D5F2879-5902-4B4C-AD73-1FF5B532B4AD}.Debug|Any CPU.Build.0 = Debug|Any CPU
		{6D5F2879-5902-4B4C-AD73-1FF5B532B4AD}.Release|Any CPU.ActiveCfg = Release|Any CPU
		{6D5F2879-5902-4B4C-AD73-1FF5B532B4AD}.Release|Any CPU.Build.0 = Release|Any CPU
		{B3E62D1E-8520-4ABA-86C4-F597AAF7240D}.Debug|Any CPU.ActiveCfg = Debug|Any CPU
		{B3E62D1E-8520-4ABA-86C4-F597AAF7240D}.Debug|Any CPU.Build.0 = Debug|Any CPU
		{B3E62D1E-8520-4ABA-86C4-F597AAF7240D}.Release|Any CPU.ActiveCfg = Release|Any CPU
		{B3E62D1E-8520-4ABA-86C4-F597AAF7240D}.Release|Any CPU.Build.0 = Release|Any CPU
	EndGlobalSection
	GlobalSection(SolutionProperties) = preSolution
		HideSolutionNode = FALSE
	EndGlobalSection
	GlobalSection(NestedProjects) = preSolution
		{E15781EE-AB92-4A3C-A505-2A7B2021E06C} = {63FD950F-2869-4976-AEB8-F3F653B12F60}
		{934CD528-95C3-41C8-BA89-58BFAB874F97} = {02A84121-748A-4B43-8617-98F54D74E175}
		{39714DB4-21A5-4BAD-8BF4-3BF1B9183C01} = {02A84121-748A-4B43-8617-98F54D74E175}
		{94BF105B-A0A8-4C99-A5D2-EB47FA4C60B2} = {BA8AB0A7-1CD4-45FF-9FA2-25B6C8D38202}
		{17CE5C65-FA21-4050-A374-03B71CC9BD3D} = {52FEC264-483D-4BED-B09F-C0703F7F45B9}
		{7A9B4DBD-C415-48C7-88B4-2641A2E0C9CA} = {02A84121-748A-4B43-8617-98F54D74E175}
		{7FDD3866-B25D-4633-BB90-07C7AA005914} = {02A84121-748A-4B43-8617-98F54D74E175}
		{28633B7D-D257-42F5-A340-FC06ECCE095C} = {02A84121-748A-4B43-8617-98F54D74E175}
		{CE5D10CB-C3BA-45E7-82E6-55936E222DE7} = {53E51462-140A-47BB-A2BA-70E31B5847DC}
		{DBB9EB6C-06B9-4015-BBF2-3C2BCD9A3791} = {02A84121-748A-4B43-8617-98F54D74E175}
		{599EDB3B-433E-46D3-A8BF-1B53B9261A97} = {DBB9EB6C-06B9-4015-BBF2-3C2BCD9A3791}
		{F1049CBA-06FE-46E0-B886-6A8094F101A3} = {63FD950F-2869-4976-AEB8-F3F653B12F60}
		{6C7FAE93-3285-43EF-8438-528081F3A236} = {CE5D10CB-C3BA-45E7-82E6-55936E222DE7}
		{D81510E8-E954-4907-BB9E-7489B68E79E0} = {CE5D10CB-C3BA-45E7-82E6-55936E222DE7}
		{7C8C4AD7-0888-4FBF-9400-5820FA6E630F} = {CE5D10CB-C3BA-45E7-82E6-55936E222DE7}
		{0EDB0903-497F-4664-A0B8-866AA40C5A30} = {CE5D10CB-C3BA-45E7-82E6-55936E222DE7}
		{59D198AF-0C0A-4CC6-9268-3604712CBF02} = {63FD950F-2869-4976-AEB8-F3F653B12F60}
		{F56E534C-10FF-4AC1-8817-831F270A46B8} = {CE5D10CB-C3BA-45E7-82E6-55936E222DE7}
		{C7133190-9097-4A8A-810E-CB1DA6772942} = {CE5D10CB-C3BA-45E7-82E6-55936E222DE7}
		{86E48A63-1BC7-42D7-8A1F-E4D80D5006DD} = {BA8AB0A7-1CD4-45FF-9FA2-25B6C8D38202}
		{94DB24F5-FCEF-4D4D-907E-20503EB1AE1D} = {53E51462-140A-47BB-A2BA-70E31B5847DC}
		{E0C7D79F-20CD-4252-8336-167F4CE91BDF} = {63FD950F-2869-4976-AEB8-F3F653B12F60}
		{6D5F2879-5902-4B4C-AD73-1FF5B532B4AD} = {E4E66508-0EAD-461D-8230-94171C43BFB9}
		{B3E62D1E-8520-4ABA-86C4-F597AAF7240D} = {BA8AB0A7-1CD4-45FF-9FA2-25B6C8D38202}
	EndGlobalSection
	GlobalSection(ExtensibilityGlobals) = postSolution
		SolutionGuid = {15481814-CD54-460D-A35B-3D15241E06C5}
	EndGlobalSection
EndGlobal
